
Microsoft Visual Studio Solution File, Format Version 12.00
# Visual Studio Version 17
VisualStudioVersion = 17.7.34202.233
MinimumVisualStudioVersion = 10.0.40219.1
Project("{FAE04EC0-301F-11D3-BF4B-00C04F79EFBC}") = "AzChat", "AzChat\AzChat.csproj", "{B7248593-80D6-40B7-B3CC-120F70991A2C}"
EndProject
Global
	GlobalSection(SolutionConfigurationPlatforms) = preSolution
		Debug|Any CPU = Debug|Any CPU
		Release|Any CPU = Release|Any CPU
	EndGlobalSection
	GlobalSection(ProjectConfigurationPlatforms) = postSolution
		{B7248593-80D6-40B7-B3CC-120F70991A2C}.Debug|Any CPU.ActiveCfg = Debug|Any CPU
		{B7248593-80D6-40B7-B3CC-120F70991A2C}.Debug|Any CPU.Build.0 = Debug|Any CPU
		{B7248593-80D6-40B7-B3CC-120F70991A2C}.Release|Any CPU.ActiveCfg = Release|Any CPU
		{B7248593-80D6-40B7-B3CC-120F70991A2C}.Release|Any CPU.Build.0 = Release|Any CPU
	EndGlobalSection
	GlobalSection(SolutionProperties) = preSolution
		HideSolutionNode = FALSE
	EndGlobalSection
	GlobalSection(ExtensibilityGlobals) = postSolution
		SolutionGuid = {6361A4F1-5FFC-4337-A8F7-E42F938E683E}
	EndGlobalSection
EndGlobal
