
Microsoft Visual Studio Solution File, Format Version 12.00
Project("{FAE04EC0-301F-11D3-BF4B-00C04F79EFBC}") = "ConsoleApp3", "ConsoleApp3\ConsoleApp3.csproj", "{FBD00BDF-A755-466F-9AD0-2AC433BD0BF2}"
EndProject
Global
	GlobalSection(SolutionConfigurationPlatforms) = preSolution
		Debug|Any CPU = Debug|Any CPU
		Release|Any CPU = Release|Any CPU
	EndGlobalSection
	GlobalSection(ProjectConfigurationPlatforms) = postSolution
		{FBD00BDF-A755-466F-9AD0-2AC433BD0BF2}.Debug|Any CPU.ActiveCfg = Debug|Any CPU
		{FBD00BDF-A755-466F-9AD0-2AC433BD0BF2}.Debug|Any CPU.Build.0 = Debug|Any CPU
		{FBD00BDF-A755-466F-9AD0-2AC433BD0BF2}.Release|Any CPU.ActiveCfg = Release|Any CPU
		{FBD00BDF-A755-466F-9AD0-2AC433BD0BF2}.Release|Any CPU.Build.0 = Release|Any CPU
	EndGlobalSection
EndGlobal
