
Microsoft Visual Studio Solution File, Format Version 12.00
# Blend for Visual Studio Version 17
VisualStudioVersion = 17.7.34024.191
MinimumVisualStudioVersion = 10.0.40219.1
Project("{FAE04EC0-301F-11D3-BF4B-00C04F79EFBC}") = "Online Store", "Online Store\Online Store.csproj", "{0BD19690-FA42-49E1-918F-3A8DFE4E7491}"
EndProject
Global
	GlobalSection(SolutionConfigurationPlatforms) = preSolution
		Debug|Any CPU = Debug|Any CPU
		Release|Any CPU = Release|Any CPU
	EndGlobalSection
	GlobalSection(ProjectConfigurationPlatforms) = postSolution
		{0BD19690-FA42-49E1-918F-3A8DFE4E7491}.Debug|Any CPU.ActiveCfg = Debug|Any CPU
		{0BD19690-FA42-49E1-918F-3A8DFE4E7491}.Debug|Any CPU.Build.0 = Debug|Any CPU
		{0BD19690-FA42-49E1-918F-3A8DFE4E7491}.Release|Any CPU.ActiveCfg = Release|Any CPU
		{0BD19690-FA42-49E1-918F-3A8DFE4E7491}.Release|Any CPU.Build.0 = Release|Any CPU
	EndGlobalSection
	GlobalSection(SolutionProperties) = preSolution
		HideSolutionNode = FALSE
	EndGlobalSection
	GlobalSection(ExtensibilityGlobals) = postSolution
		SolutionGuid = {8F6C0E6A-5626-4745-BA4C-BCA06319FF5D}
	EndGlobalSection
EndGlobal
