
Microsoft Visual Studio Solution File, Format Version 12.00
# Visual Studio Version 17
VisualStudioVersion = 17.8.34525.116
MinimumVisualStudioVersion = 10.0.40219.1
Project("{FAE04EC0-301F-11D3-BF4B-00C04F79EFBC}") = "Server Side", "Server Side\Server Side.csproj", "{7417E0AD-6A6F-4FB5-94B6-88054BC2181E}"
EndProject
Project("{FAE04EC0-301F-11D3-BF4B-00C04F79EFBC}") = "Client Side", "Client Side\Client Side.csproj", "{6F18DF1C-BAA7-43E2-BE58-D0A9B19ECFBE}"
EndProject
Global
	GlobalSection(SolutionConfigurationPlatforms) = preSolution
		Debug|Any CPU = Debug|Any CPU
		Release|Any CPU = Release|Any CPU
	EndGlobalSection
	GlobalSection(ProjectConfigurationPlatforms) = postSolution
		{7417E0AD-6A6F-4FB5-94B6-88054BC2181E}.Debug|Any CPU.ActiveCfg = Debug|Any CPU
		{7417E0AD-6A6F-4FB5-94B6-88054BC2181E}.Debug|Any CPU.Build.0 = Debug|Any CPU
		{7417E0AD-6A6F-4FB5-94B6-88054BC2181E}.Release|Any CPU.ActiveCfg = Release|Any CPU
		{7417E0AD-6A6F-4FB5-94B6-88054BC2181E}.Release|Any CPU.Build.0 = Release|Any CPU
		{6F18DF1C-BAA7-43E2-BE58-D0A9B19ECFBE}.Debug|Any CPU.ActiveCfg = Debug|Any CPU
		{6F18DF1C-BAA7-43E2-BE58-D0A9B19ECFBE}.Debug|Any CPU.Build.0 = Debug|Any CPU
		{6F18DF1C-BAA7-43E2-BE58-D0A9B19ECFBE}.Release|Any CPU.ActiveCfg = Release|Any CPU
		{6F18DF1C-BAA7-43E2-BE58-D0A9B19ECFBE}.Release|Any CPU.Build.0 = Release|Any CPU
	EndGlobalSection
	GlobalSection(SolutionProperties) = preSolution
		HideSolutionNode = FALSE
	EndGlobalSection
	GlobalSection(ExtensibilityGlobals) = postSolution
		SolutionGuid = {B9F68743-0A48-4C87-B5E7-895CA9AA8021}
	EndGlobalSection
EndGlobal
