
Microsoft Visual Studio Solution File, Format Version 12.00
# Visual Studio Version 17
VisualStudioVersion = 17.9.34723.18
MinimumVisualStudioVersion = 10.0.40219.1
Project("{2150E333-8FDC-42A3-9474-1A3956D46DE8}") = "ApiGateway", "ApiGateway", "{E193F5B0-9EF7-4580-8430-6AEE0C9C0769}"
EndProject
Project("{2150E333-8FDC-42A3-9474-1A3956D46DE8}") = "BarCodeService", "BarCodeService", "{E6D3D665-34F3-44A4-829D-1AFE4E816CAD}"
EndProject
Project("{2150E333-8FDC-42A3-9474-1A3956D46DE8}") = "ImageService", "ImageService", "{FB8ED0C4-30A9-4E7B-9BD5-82E76CEDC875}"
EndProject
Project("{2150E333-8FDC-42A3-9474-1A3956D46DE8}") = "ProductService", "ProductService", "{99352E42-1ADC-4A5B-BC81-4238CD7A6FB3}"
EndProject
Project("{2150E333-8FDC-42A3-9474-1A3956D46DE8}") = "SearchService", "SearchService", "{2EBCC30E-F20A-4C6D-9D5E-4ED49053ABC2}"
EndProject
Project("{2150E333-8FDC-42A3-9474-1A3956D46DE8}") = "WebUI", "WebUI", "{F6E737EB-AF13-4890-B0B6-25CA2C8DDE7D}"
EndProject
Project("{9A19103F-16F7-4668-BE54-9A1E7A4F7556}") = "StoreWebUI", "StoreWebUI\StoreWebUI.csproj", "{9F7E4337-08CE-4821-B7A4-9B895C8CA4D6}"
EndProject
Project("{9A19103F-16F7-4668-BE54-9A1E7A4F7556}") = "ProductService", "ProductService\ProductService.csproj", "{AD68984F-A0F0-49C3-AFC0-D3A22C3C0CBA}"
EndProject
Project("{9A19103F-16F7-4668-BE54-9A1E7A4F7556}") = "ApiGateway", "ApiGateway\ApiGateway.csproj", "{87AEE997-4A64-4FBD-A8AC-816C308BF667}"
EndProject
Project("{9A19103F-16F7-4668-BE54-9A1E7A4F7556}") = "ImageServiceApi", "ImageServiceApi\ImageServiceApi.csproj", "{B3CD36BF-E60C-4644-9BD9-4D75E964FD53}"
EndProject
Project("{9A19103F-16F7-4668-BE54-9A1E7A4F7556}") = "BarCodeService", "BarCodeService\BarCodeService.csproj", "{6BD51460-8F54-4E6A-AF02-37A6CDAF8BFB}"
EndProject
Project("{9A19103F-16F7-4668-BE54-9A1E7A4F7556}") = "SearchService", "SearchService\SearchService.csproj", "{EEB7CD42-34F6-4015-911F-C801D08960AE}"
EndProject
Project("{2150E333-8FDC-42A3-9474-1A3956D46DE8}") = "LogService", "LogService", "{B93D7CF6-0037-4AFF-9266-AAF5811E1926}"
EndProject
Project("{FAE04EC0-301F-11D3-BF4B-00C04F79EFBC}") = "LogService", "LogService\LogService.csproj", "{FFEC1ECD-046F-4114-835B-FE613B224E6D}"
EndProject
Global
	GlobalSection(SolutionConfigurationPlatforms) = preSolution
		Debug|Any CPU = Debug|Any CPU
		Release|Any CPU = Release|Any CPU
	EndGlobalSection
	GlobalSection(ProjectConfigurationPlatforms) = postSolution
		{9F7E4337-08CE-4821-B7A4-9B895C8CA4D6}.Debug|Any CPU.ActiveCfg = Debug|Any CPU
		{9F7E4337-08CE-4821-B7A4-9B895C8CA4D6}.Debug|Any CPU.Build.0 = Debug|Any CPU
		{9F7E4337-08CE-4821-B7A4-9B895C8CA4D6}.Release|Any CPU.ActiveCfg = Release|Any CPU
		{9F7E4337-08CE-4821-B7A4-9B895C8CA4D6}.Release|Any CPU.Build.0 = Release|Any CPU
		{AD68984F-A0F0-49C3-AFC0-D3A22C3C0CBA}.Debug|Any CPU.ActiveCfg = Debug|Any CPU
		{AD68984F-A0F0-49C3-AFC0-D3A22C3C0CBA}.Debug|Any CPU.Build.0 = Debug|Any CPU
		{AD68984F-A0F0-49C3-AFC0-D3A22C3C0CBA}.Release|Any CPU.ActiveCfg = Release|Any CPU
		{AD68984F-A0F0-49C3-AFC0-D3A22C3C0CBA}.Release|Any CPU.Build.0 = Release|Any CPU
		{87AEE997-4A64-4FBD-A8AC-816C308BF667}.Debug|Any CPU.ActiveCfg = Debug|Any CPU
		{87AEE997-4A64-4FBD-A8AC-816C308BF667}.Debug|Any CPU.Build.0 = Debug|Any CPU
		{87AEE997-4A64-4FBD-A8AC-816C308BF667}.Release|Any CPU.ActiveCfg = Release|Any CPU
		{87AEE997-4A64-4FBD-A8AC-816C308BF667}.Release|Any CPU.Build.0 = Release|Any CPU
		{B3CD36BF-E60C-4644-9BD9-4D75E964FD53}.Debug|Any CPU.ActiveCfg = Debug|Any CPU
		{B3CD36BF-E60C-4644-9BD9-4D75E964FD53}.Debug|Any CPU.Build.0 = Debug|Any CPU
		{B3CD36BF-E60C-4644-9BD9-4D75E964FD53}.Release|Any CPU.ActiveCfg = Release|Any CPU
		{B3CD36BF-E60C-4644-9BD9-4D75E964FD53}.Release|Any CPU.Build.0 = Release|Any CPU
		{6BD51460-8F54-4E6A-AF02-37A6CDAF8BFB}.Debug|Any CPU.ActiveCfg = Debug|Any CPU
		{6BD51460-8F54-4E6A-AF02-37A6CDAF8BFB}.Debug|Any CPU.Build.0 = Debug|Any CPU
		{6BD51460-8F54-4E6A-AF02-37A6CDAF8BFB}.Release|Any CPU.ActiveCfg = Release|Any CPU
		{6BD51460-8F54-4E6A-AF02-37A6CDAF8BFB}.Release|Any CPU.Build.0 = Release|Any CPU
		{EEB7CD42-34F6-4015-911F-C801D08960AE}.Debug|Any CPU.ActiveCfg = Debug|Any CPU
		{EEB7CD42-34F6-4015-911F-C801D08960AE}.Debug|Any CPU.Build.0 = Debug|Any CPU
		{EEB7CD42-34F6-4015-911F-C801D08960AE}.Release|Any CPU.ActiveCfg = Release|Any CPU
		{EEB7CD42-34F6-4015-911F-C801D08960AE}.Release|Any CPU.Build.0 = Release|Any CPU
		{FFEC1ECD-046F-4114-835B-FE613B224E6D}.Debug|Any CPU.ActiveCfg = Debug|Any CPU
		{FFEC1ECD-046F-4114-835B-FE613B224E6D}.Debug|Any CPU.Build.0 = Debug|Any CPU
		{FFEC1ECD-046F-4114-835B-FE613B224E6D}.Release|Any CPU.ActiveCfg = Release|Any CPU
		{FFEC1ECD-046F-4114-835B-FE613B224E6D}.Release|Any CPU.Build.0 = Release|Any CPU
	EndGlobalSection
	GlobalSection(SolutionProperties) = preSolution
		HideSolutionNode = FALSE
	EndGlobalSection
	GlobalSection(NestedProjects) = preSolution
		{9F7E4337-08CE-4821-B7A4-9B895C8CA4D6} = {F6E737EB-AF13-4890-B0B6-25CA2C8DDE7D}
		{AD68984F-A0F0-49C3-AFC0-D3A22C3C0CBA} = {99352E42-1ADC-4A5B-BC81-4238CD7A6FB3}
		{87AEE997-4A64-4FBD-A8AC-816C308BF667} = {E193F5B0-9EF7-4580-8430-6AEE0C9C0769}
		{B3CD36BF-E60C-4644-9BD9-4D75E964FD53} = {FB8ED0C4-30A9-4E7B-9BD5-82E76CEDC875}
		{6BD51460-8F54-4E6A-AF02-37A6CDAF8BFB} = {E6D3D665-34F3-44A4-829D-1AFE4E816CAD}
		{EEB7CD42-34F6-4015-911F-C801D08960AE} = {2EBCC30E-F20A-4C6D-9D5E-4ED49053ABC2}
		{FFEC1ECD-046F-4114-835B-FE613B224E6D} = {B93D7CF6-0037-4AFF-9266-AAF5811E1926}
	EndGlobalSection
	GlobalSection(ExtensibilityGlobals) = postSolution
		SolutionGuid = {4B55E617-EB25-459B-B4C3-19F40061F13C}
	EndGlobalSection
EndGlobal
