
Microsoft Visual Studio Solution File, Format Version 12.00
Project("{FAE04EC0-301F-11D3-BF4B-00C04F79EFBC}") = "ConsoleApp2", "ConsoleApp2\ConsoleApp2.csproj", "{6583D485-338B-4063-BBC8-EB768384490A}"
EndProject
Global
	GlobalSection(SolutionConfigurationPlatforms) = preSolution
		Debug|Any CPU = Debug|Any CPU
		Release|Any CPU = Release|Any CPU
	EndGlobalSection
	GlobalSection(ProjectConfigurationPlatforms) = postSolution
		{6583D485-338B-4063-BBC8-EB768384490A}.Debug|Any CPU.ActiveCfg = Debug|Any CPU
		{6583D485-338B-4063-BBC8-EB768384490A}.Debug|Any CPU.Build.0 = Debug|Any CPU
		{6583D485-338B-4063-BBC8-EB768384490A}.Release|Any CPU.ActiveCfg = Release|Any CPU
		{6583D485-338B-4063-BBC8-EB768384490A}.Release|Any CPU.Build.0 = Release|Any CPU
	EndGlobalSection
EndGlobal
