
Microsoft Visual Studio Solution File, Format Version 12.00
# Visual Studio Version 17
VisualStudioVersion = 17.7.34202.233
MinimumVisualStudioVersion = 10.0.40219.1
Project("{FAE04EC0-301F-11D3-BF4B-00C04F79EFBC}") = "Decorator", "Decorator\Decorator.csproj", "{A2CD6376-CB4B-4601-A426-5E0C14D5A848}"
EndProject
Global
	GlobalSection(SolutionConfigurationPlatforms) = preSolution
		Debug|Any CPU = Debug|Any CPU
		Release|Any CPU = Release|Any CPU
	EndGlobalSection
	GlobalSection(ProjectConfigurationPlatforms) = postSolution
		{A2CD6376-CB4B-4601-A426-5E0C14D5A848}.Debug|Any CPU.ActiveCfg = Debug|Any CPU
		{A2CD6376-CB4B-4601-A426-5E0C14D5A848}.Debug|Any CPU.Build.0 = Debug|Any CPU
		{A2CD6376-CB4B-4601-A426-5E0C14D5A848}.Release|Any CPU.ActiveCfg = Release|Any CPU
		{A2CD6376-CB4B-4601-A426-5E0C14D5A848}.Release|Any CPU.Build.0 = Release|Any CPU
	EndGlobalSection
	GlobalSection(SolutionProperties) = preSolution
		HideSolutionNode = FALSE
	EndGlobalSection
	GlobalSection(ExtensibilityGlobals) = postSolution
		SolutionGuid = {9CF7D451-58D2-45AC-8168-7458CC680787}
	EndGlobalSection
EndGlobal
