
Microsoft Visual Studio Solution File, Format Version 12.00
# Visual Studio Version 17
VisualStudioVersion = 17.12.35707.178 d17.12
MinimumVisualStudioVersion = 10.0.40219.1
Project("{FAE04EC0-301F-11D3-BF4B-00C04F79EFBC}") = "Docker Volume", "Docker Volume\Docker Volume.csproj", "{8E44DBFB-C8E6-4E0E-8D2A-66BF69924C5B}"
EndProject
Project("{2150E333-8FDC-42A3-9474-1A3956D46DE8}") = "Solution Items", "Solution Items", "{432DD376-9422-4AA7-BD59-A70C3AE0C194}"
	ProjectSection(SolutionItems) = preProject
		docker-compose.yml = docker-compose.yml
	EndProjectSection
EndProject
Global
	GlobalSection(SolutionConfigurationPlatforms) = preSolution
		Debug|Any CPU = Debug|Any CPU
		Release|Any CPU = Release|Any CPU
	EndGlobalSection
	GlobalSection(ProjectConfigurationPlatforms) = postSolution
		{8E44DBFB-C8E6-4E0E-8D2A-66BF69924C5B}.Debug|Any CPU.ActiveCfg = Debug|Any CPU
		{8E44DBFB-C8E6-4E0E-8D2A-66BF69924C5B}.Debug|Any CPU.Build.0 = Debug|Any CPU
		{8E44DBFB-C8E6-4E0E-8D2A-66BF69924C5B}.Release|Any CPU.ActiveCfg = Release|Any CPU
		{8E44DBFB-C8E6-4E0E-8D2A-66BF69924C5B}.Release|Any CPU.Build.0 = Release|Any CPU
	EndGlobalSection
	GlobalSection(SolutionProperties) = preSolution
		HideSolutionNode = FALSE
	EndGlobalSection
EndGlobal
