
Microsoft Visual Studio Solution File, Format Version 12.00
# Visual Studio Version 17
VisualStudioVersion = 17.7.34202.233
MinimumVisualStudioVersion = 10.0.40219.1
Project("{FAE04EC0-301F-11D3-BF4B-00C04F79EFBC}") = "SurveyApp2", "SurveyApp2\SurveyApp2.csproj", "{8B2B5353-9539-4445-8B1E-DABD1106F62A}"
EndProject
Global
	GlobalSection(SolutionConfigurationPlatforms) = preSolution
		Debug|Any CPU = Debug|Any CPU
		Release|Any CPU = Release|Any CPU
	EndGlobalSection
	GlobalSection(ProjectConfigurationPlatforms) = postSolution
		{8B2B5353-9539-4445-8B1E-DABD1106F62A}.Debug|Any CPU.ActiveCfg = Debug|Any CPU
		{8B2B5353-9539-4445-8B1E-DABD1106F62A}.Debug|Any CPU.Build.0 = Debug|Any CPU
		{8B2B5353-9539-4445-8B1E-DABD1106F62A}.Release|Any CPU.ActiveCfg = Release|Any CPU
		{8B2B5353-9539-4445-8B1E-DABD1106F62A}.Release|Any CPU.Build.0 = Release|Any CPU
	EndGlobalSection
	GlobalSection(SolutionProperties) = preSolution
		HideSolutionNode = FALSE
	EndGlobalSection
	GlobalSection(ExtensibilityGlobals) = postSolution
		SolutionGuid = {4A4C694D-172B-4638-92CF-2CDA214AD003}
	EndGlobalSection
EndGlobal
