
Microsoft Visual Studio Solution File, Format Version 12.00
# Visual Studio Version 17
VisualStudioVersion = 17.8.34408.163
MinimumVisualStudioVersion = 10.0.40219.1
Project("{9A19103F-16F7-4668-BE54-9A1E7A4F7556}") = "Http", "Practics\Http.csproj", "{D017A4F1-2E9B-4B88-9DFB-9B38472C11D7}"
EndProject
Global
	GlobalSection(SolutionConfigurationPlatforms) = preSolution
		Debug|Any CPU = Debug|Any CPU
		Release|Any CPU = Release|Any CPU
	EndGlobalSection
	GlobalSection(ProjectConfigurationPlatforms) = postSolution
		{D017A4F1-2E9B-4B88-9DFB-9B38472C11D7}.Debug|Any CPU.ActiveCfg = Debug|Any CPU
		{D017A4F1-2E9B-4B88-9DFB-9B38472C11D7}.Debug|Any CPU.Build.0 = Debug|Any CPU
		{D017A4F1-2E9B-4B88-9DFB-9B38472C11D7}.Release|Any CPU.ActiveCfg = Release|Any CPU
		{D017A4F1-2E9B-4B88-9DFB-9B38472C11D7}.Release|Any CPU.Build.0 = Release|Any CPU
	EndGlobalSection
	GlobalSection(SolutionProperties) = preSolution
		HideSolutionNode = FALSE
	EndGlobalSection
	GlobalSection(ExtensibilityGlobals) = postSolution
		SolutionGuid = {19B92B0B-2A47-4794-9151-894094AE5304}
	EndGlobalSection
EndGlobal
