
Microsoft Visual Studio Solution File, Format Version 12.00
# Visual Studio Version 17
VisualStudioVersion = 17.7.34202.233
MinimumVisualStudioVersion = 10.0.40219.1
Project("{FAE04EC0-301F-11D3-BF4B-00C04F79EFBC}") = "DP - SOLID", "DP - SOLID\DP - SOLID.csproj", "{9EEDB7AF-AFFD-4402-951A-03FF6F005481}"
EndProject
Global
	GlobalSection(SolutionConfigurationPlatforms) = preSolution
		Debug|Any CPU = Debug|Any CPU
		Release|Any CPU = Release|Any CPU
	EndGlobalSection
	GlobalSection(ProjectConfigurationPlatforms) = postSolution
		{9EEDB7AF-AFFD-4402-951A-03FF6F005481}.Debug|Any CPU.ActiveCfg = Debug|Any CPU
		{9EEDB7AF-AFFD-4402-951A-03FF6F005481}.Debug|Any CPU.Build.0 = Debug|Any CPU
		{9EEDB7AF-AFFD-4402-951A-03FF6F005481}.Release|Any CPU.ActiveCfg = Release|Any CPU
		{9EEDB7AF-AFFD-4402-951A-03FF6F005481}.Release|Any CPU.Build.0 = Release|Any CPU
	EndGlobalSection
	GlobalSection(SolutionProperties) = preSolution
		HideSolutionNode = FALSE
	EndGlobalSection
	GlobalSection(ExtensibilityGlobals) = postSolution
		SolutionGuid = {D73CF110-D497-484E-81EB-A1FF81DFEEAF}
	EndGlobalSection
EndGlobal
