
Microsoft Visual Studio Solution File, Format Version 12.00
# Visual Studio Version 17
VisualStudioVersion = 17.8.34525.116
MinimumVisualStudioVersion = 10.0.40219.1
Project("{FAE04EC0-301F-11D3-BF4B-00C04F79EFBC}") = "FileCopier", "FileCopier\FileCopier.csproj", "{053AA5FB-3500-4088-A743-711DC9EB3E8F}"
EndProject
Global
	GlobalSection(SolutionConfigurationPlatforms) = preSolution
		Debug|Any CPU = Debug|Any CPU
		Release|Any CPU = Release|Any CPU
	EndGlobalSection
	GlobalSection(ProjectConfigurationPlatforms) = postSolution
		{053AA5FB-3500-4088-A743-711DC9EB3E8F}.Debug|Any CPU.ActiveCfg = Debug|Any CPU
		{053AA5FB-3500-4088-A743-711DC9EB3E8F}.Debug|Any CPU.Build.0 = Debug|Any CPU
		{053AA5FB-3500-4088-A743-711DC9EB3E8F}.Release|Any CPU.ActiveCfg = Release|Any CPU
		{053AA5FB-3500-4088-A743-711DC9EB3E8F}.Release|Any CPU.Build.0 = Release|Any CPU
	EndGlobalSection
	GlobalSection(SolutionProperties) = preSolution
		HideSolutionNode = FALSE
	EndGlobalSection
	GlobalSection(ExtensibilityGlobals) = postSolution
		SolutionGuid = {2B12F6D4-B7C1-4716-99F2-9E8B9D6AF9A7}
	EndGlobalSection
EndGlobal
